// !$*UTF8*$!
{
	archiveVersion = 1;
	classes = {
	};
	objectVersion = 48;
	objects = {

/* Begin PBXBuildFile section */
		5342786B1FA78A4C00EAE129 /* film.cpp in Sources */ = {isa = PBXBuildFile; fileRef = 5342786A1FA78A4C00EAE129 /* film.cpp */; };
		5342786E1FA79CE000EAE129 /* Utils.cpp in Sources */ = {isa = PBXBuildFile; fileRef = 5342786D1FA79CE000EAE129 /* Utils.cpp */; };
		534278701FA7A61400EAE129 /* FilmCatalog.cpp in Sources */ = {isa = PBXBuildFile; fileRef = 5342786F1FA7A61400EAE129 /* FilmCatalog.cpp */; };
		53D200531FA13AE400D2A5D8 /* actor.cpp in Sources */ = {isa = PBXBuildFile; fileRef = 53D200521FA13AE400D2A5D8 /* actor.cpp */; };
		53D2005C1FA13EDD00D2A5D8 /* ActorInventory.cpp in Sources */ = {isa = PBXBuildFile; fileRef = 53D2005A1FA13EDD00D2A5D8 /* ActorInventory.cpp */; };
		53D2005E1FA13F3C00D2A5D8 /* main.cpp in Sources */ = {isa = PBXBuildFile; fileRef = 53D2005D1FA13F3C00D2A5D8 /* main.cpp */; };
/* End PBXBuildFile section */

/* Begin PBXCopyFilesBuildPhase section */
		53D2004D1FA13AE400D2A5D8 /* CopyFiles */ = {
			isa = PBXCopyFilesBuildPhase;
			buildActionMask = 2147483647;
			dstPath = /usr/share/man/man1/;
			dstSubfolderSpec = 0;
			files = (
			);
			runOnlyForDeploymentPostprocessing = 1;
		};
/* End PBXCopyFilesBuildPhase section */

/* Begin PBXFileReference section */
		5342786A1FA78A4C00EAE129 /* film.cpp */ = {isa = PBXFileReference; lastKnownFileType = sourcecode.cpp.cpp; path = film.cpp; sourceTree = "<group>"; };
		5342786C1FA78D3800EAE129 /* films.dat */ = {isa = PBXFileReference; fileEncoding = 4; lastKnownFileType = text; path = films.dat; sourceTree = "<group>"; };
		5342786D1FA79CE000EAE129 /* Utils.cpp */ = {isa = PBXFileReference; lastKnownFileType = sourcecode.cpp.cpp; path = Utils.cpp; sourceTree = "<group>"; };
		5342786F1FA7A61400EAE129 /* FilmCatalog.cpp */ = {isa = PBXFileReference; lastKnownFileType = sourcecode.cpp.cpp; path = FilmCatalog.cpp; sourceTree = "<group>"; };
		53D2004F1FA13AE400D2A5D8 /* Program6 */ = {isa = PBXFileReference; explicitFileType = "compiled.mach-o.executable"; includeInIndex = 0; path = Program6; sourceTree = BUILT_PRODUCTS_DIR; };
		53D200521FA13AE400D2A5D8 /* actor.cpp */ = {isa = PBXFileReference; lastKnownFileType = sourcecode.cpp.cpp; path = actor.cpp; sourceTree = "<group>"; };
		53D200591FA13E9D00D2A5D8 /* Actor.h */ = {isa = PBXFileReference; lastKnownFileType = sourcecode.c.h; path = Actor.h; sourceTree = "<group>"; };
		53D2005A1FA13EDD00D2A5D8 /* ActorInventory.cpp */ = {isa = PBXFileReference; lastKnownFileType = sourcecode.cpp.cpp; path = ActorInventory.cpp; sourceTree = "<group>"; };
		53D2005B1FA13EDD00D2A5D8 /* ActorInventory.h */ = {isa = PBXFileReference; lastKnownFileType = sourcecode.c.h; path = ActorInventory.h; sourceTree = "<group>"; };
		53D2005D1FA13F3C00D2A5D8 /* main.cpp */ = {isa = PBXFileReference; lastKnownFileType = sourcecode.cpp.cpp; path = main.cpp; sourceTree = "<group>"; };
		53D2005F1FA140DD00D2A5D8 /* actors.dat */ = {isa = PBXFileReference; lastKnownFileType = text; path = actors.dat; sourceTree = "<group>"; };
		53D200611FA3A1CD00D2A5D8 /* Film.h */ = {isa = PBXFileReference; lastKnownFileType = sourcecode.c.h; path = Film.h; sourceTree = "<group>"; };
		53D200621FA3A1E200D2A5D8 /* FilmCatalog.h */ = {isa = PBXFileReference; lastKnownFileType = sourcecode.c.h; path = FilmCatalog.h; sourceTree = "<group>"; };
		53D200631FA3A20500D2A5D8 /* Utils.h */ = {isa = PBXFileReference; lastKnownFileType = sourcecode.c.h; path = Utils.h; sourceTree = "<group>"; };
/* End PBXFileReference section */

/* Begin PBXFrameworksBuildPhase section */
		53D2004C1FA13AE400D2A5D8 /* Frameworks */ = {
			isa = PBXFrameworksBuildPhase;
			buildActionMask = 2147483647;
			files = (
			);
			runOnlyForDeploymentPostprocessing = 0;
		};
/* End PBXFrameworksBuildPhase section */

/* Begin PBXGroup section */
		53D200461FA13AE400D2A5D8 = {
			isa = PBXGroup;
			children = (
				53D200511FA13AE400D2A5D8 /* Program6 */,
				53D200501FA13AE400D2A5D8 /* Products */,
			);
			sourceTree = "<group>";
		};
		53D200501FA13AE400D2A5D8 /* Products */ = {
			isa = PBXGroup;
			children = (
				53D2004F1FA13AE400D2A5D8 /* Program6 */,
			);
			name = Products;
			sourceTree = "<group>";
		};
		53D200511FA13AE400D2A5D8 /* Program6 */ = {
			isa = PBXGroup;
			children = (
				5342786C1FA78D3800EAE129 /* films.dat */,
				53D200521FA13AE400D2A5D8 /* actor.cpp */,
				53D200591FA13E9D00D2A5D8 /* Actor.h */,
				53D2005A1FA13EDD00D2A5D8 /* ActorInventory.cpp */,
				53D2005B1FA13EDD00D2A5D8 /* ActorInventory.h */,
				53D2005D1FA13F3C00D2A5D8 /* main.cpp */,
				53D2005F1FA140DD00D2A5D8 /* actors.dat */,
				53D200611FA3A1CD00D2A5D8 /* Film.h */,
				5342786A1FA78A4C00EAE129 /* film.cpp */,
				53D200621FA3A1E200D2A5D8 /* FilmCatalog.h */,
				5342786F1FA7A61400EAE129 /* FilmCatalog.cpp */,
				53D200631FA3A20500D2A5D8 /* Utils.h */,
				5342786D1FA79CE000EAE129 /* Utils.cpp */,
			);
			path = Program6;
			sourceTree = "<group>";
		};
/* End PBXGroup section */

/* Begin PBXNativeTarget section */
		53D2004E1FA13AE400D2A5D8 /* Program6 */ = {
			isa = PBXNativeTarget;
			buildConfigurationList = 53D200561FA13AE400D2A5D8 /* Build configuration list for PBXNativeTarget "Program6" */;
			buildPhases = (
				53D2004B1FA13AE400D2A5D8 /* Sources */,
				53D2004C1FA13AE400D2A5D8 /* Frameworks */,
				53D2004D1FA13AE400D2A5D8 /* CopyFiles */,
			);
			buildRules = (
			);
			dependencies = (
			);
			name = Program6;
			productName = Program6;
			productReference = 53D2004F1FA13AE400D2A5D8 /* Program6 */;
			productType = "com.apple.product-type.tool";
		};
/* End PBXNativeTarget section */

/* Begin PBXProject section */
		53D200471FA13AE400D2A5D8 /* Project object */ = {
			isa = PBXProject;
			attributes = {
				LastUpgradeCheck = 0900;
				ORGANIZATIONNAME = "zane saul";
				TargetAttributes = {
					53D2004E1FA13AE400D2A5D8 = {
						CreatedOnToolsVersion = 9.0.1;
						ProvisioningStyle = Automatic;
					};
				};
			};
			buildConfigurationList = 53D2004A1FA13AE400D2A5D8 /* Build configuration list for PBXProject "Program6" */;
			compatibilityVersion = "Xcode 8.0";
			developmentRegion = en;
			hasScannedForEncodings = 0;
			knownRegions = (
				en,
			);
			mainGroup = 53D200461FA13AE400D2A5D8;
			productRefGroup = 53D200501FA13AE400D2A5D8 /* Products */;
			projectDirPath = "";
			projectRoot = "";
			targets = (
				53D2004E1FA13AE400D2A5D8 /* Program6 */,
			);
		};
/* End PBXProject section */

/* Begin PBXSourcesBuildPhase section */
		53D2004B1FA13AE400D2A5D8 /* Sources */ = {
			isa = PBXSourcesBuildPhase;
			buildActionMask = 2147483647;
			files = (
				53D2005C1FA13EDD00D2A5D8 /* ActorInventory.cpp in Sources */,
				5342786B1FA78A4C00EAE129 /* film.cpp in Sources */,
				53D200531FA13AE400D2A5D8 /* actor.cpp in Sources */,
				5342786E1FA79CE000EAE129 /* Utils.cpp in Sources */,
				53D2005E1FA13F3C00D2A5D8 /* main.cpp in Sources */,
				534278701FA7A61400EAE129 /* FilmCatalog.cpp in Sources */,
			);
			runOnlyForDeploymentPostprocessing = 0;
		};
/* End PBXSourcesBuildPhase section */

/* Begin XCBuildConfiguration section */
		53D200541FA13AE400D2A5D8 /* Debug */ = {
			isa = XCBuildConfiguration;
			buildSettings = {
				ALWAYS_SEARCH_USER_PATHS = NO;
				CLANG_ANALYZER_NONNULL = YES;
				CLANG_ANALYZER_NUMBER_OBJECT_CONVERSION = YES_AGGRESSIVE;
				CLANG_CXX_LANGUAGE_STANDARD = "gnu++14";
				CLANG_CXX_LIBRARY = "libc++";
				CLANG_ENABLE_MODULES = YES;
				CLANG_ENABLE_OBJC_ARC = YES;
				CLANG_WARN_BLOCK_CAPTURE_AUTORELEASING = YES;
				CLANG_WARN_BOOL_CONVERSION = YES;
				CLANG_WARN_COMMA = YES;
				CLANG_WARN_CONSTANT_CONVERSION = YES;
				CLANG_WARN_DIRECT_OBJC_ISA_USAGE = YES_ERROR;
				CLANG_WARN_DOCUMENTATION_COMMENTS = YES;
				CLANG_WARN_EMPTY_BODY = YES;
				CLANG_WARN_ENUM_CONVERSION = YES;
				CLANG_WARN_INFINITE_RECURSION = YES;
				CLANG_WARN_INT_CONVERSION = YES;
				CLANG_WARN_NON_LITERAL_NULL_CONVERSION = YES;
				CLANG_WARN_OBJC_LITERAL_CONVERSION = YES;
				CLANG_WARN_OBJC_ROOT_CLASS = YES_ERROR;
				CLANG_WARN_RANGE_LOOP_ANALYSIS = YES;
				CLANG_WARN_STRICT_PROTOTYPES = YES;
				CLANG_WARN_SUSPICIOUS_MOVE = YES;
				CLANG_WARN_UNGUARDED_AVAILABILITY = YES_AGGRESSIVE;
				CLANG_WARN_UNREACHABLE_CODE = YES;
				CLANG_WARN__DUPLICATE_METHOD_MATCH = YES;
				CODE_SIGN_IDENTITY = "Mac Developer";
				COPY_PHASE_STRIP = NO;
				DEBUG_INFORMATION_FORMAT = dwarf;
				ENABLE_STRICT_OBJC_MSGSEND = YES;
				ENABLE_TESTABILITY = YES;
				GCC_C_LANGUAGE_STANDARD = gnu11;
				GCC_DYNAMIC_NO_PIC = NO;
				GCC_NO_COMMON_BLOCKS = YES;
				GCC_OPTIMIZATION_LEVEL = 0;
				GCC_PREPROCESSOR_DEFINITIONS = (
					"DEBUG=1",
					"$(inherited)",
				);
				GCC_WARN_64_TO_32_BIT_CONVERSION = YES;
				GCC_WARN_ABOUT_RETURN_TYPE = YES_ERROR;
				GCC_WARN_UNDECLARED_SELECTOR = YES;
				GCC_WARN_UNINITIALIZED_AUTOS = YES_AGGRESSIVE;
				GCC_WARN_UNUSED_FUNCTION = YES;
				GCC_WARN_UNUSED_VARIABLE = YES;
				MACOSX_DEPLOYMENT_TARGET = 10.12;
				MTL_ENABLE_DEBUG_INFO = YES;
				ONLY_ACTIVE_ARCH = YES;
				SDKROOT = macosx;
			};
			name = Debug;
		};
		53D200551FA13AE400D2A5D8 /* Release */ = {
			isa = XCBuildConfiguration;
			buildSettings = {
				ALWAYS_SEARCH_USER_PATHS = NO;
				CLANG_ANALYZER_NONNULL = YES;
				CLANG_ANALYZER_NUMBER_OBJECT_CONVERSION = YES_AGGRESSIVE;
				CLANG_CXX_LANGUAGE_STANDARD = "gnu++14";
				CLANG_CXX_LIBRARY = "libc++";
				CLANG_ENABLE_MODULES = YES;
				CLANG_ENABLE_OBJC_ARC = YES;
				CLANG_WARN_BLOCK_CAPTURE_AUTORELEASING = YES;
				CLANG_WARN_BOOL_CONVERSION = YES;
				CLANG_WARN_COMMA = YES;
				CLANG_WARN_CONSTANT_CONVERSION = YES;
				CLANG_WARN_DIRECT_OBJC_ISA_USAGE = YES_ERROR;
				CLANG_WARN_DOCUMENTATION_COMMENTS = YES;
				CLANG_WARN_EMPTY_BODY = YES;
				CLANG_WARN_ENUM_CONVERSION = YES;
				CLANG_WARN_INFINITE_RECURSION = YES;
				CLANG_WARN_INT_CONVERSION = YES;
				CLANG_WARN_NON_LITERAL_NULL_CONVERSION = YES;
				CLANG_WARN_OBJC_LITERAL_CONVERSION = YES;
				CLANG_WARN_OBJC_ROOT_CLASS = YES_ERROR;
				CLANG_WARN_RANGE_LOOP_ANALYSIS = YES;
				CLANG_WARN_STRICT_PROTOTYPES = YES;
				CLANG_WARN_SUSPICIOUS_MOVE = YES;
				CLANG_WARN_UNGUARDED_AVAILABILITY = YES_AGGRESSIVE;
				CLANG_WARN_UNREACHABLE_CODE = YES;
				CLANG_WARN__DUPLICATE_METHOD_MATCH = YES;
				CODE_SIGN_IDENTITY = "Mac Developer";
				COPY_PHASE_STRIP = NO;
				DEBUG_INFORMATION_FORMAT = "dwarf-with-dsym";
				ENABLE_NS_ASSERTIONS = NO;
				ENABLE_STRICT_OBJC_MSGSEND = YES;
				GCC_C_LANGUAGE_STANDARD = gnu11;
				GCC_NO_COMMON_BLOCKS = YES;
				GCC_WARN_64_TO_32_BIT_CONVERSION = YES;
				GCC_WARN_ABOUT_RETURN_TYPE = YES_ERROR;
				GCC_WARN_UNDECLARED_SELECTOR = YES;
				GCC_WARN_UNINITIALIZED_AUTOS = YES_AGGRESSIVE;
				GCC_WARN_UNUSED_FUNCTION = YES;
				GCC_WARN_UNUSED_VARIABLE = YES;
				MACOSX_DEPLOYMENT_TARGET = 10.12;
				MTL_ENABLE_DEBUG_INFO = NO;
				SDKROOT = macosx;
			};
			name = Release;
		};
		53D200571FA13AE400D2A5D8 /* Debug */ = {
			isa = XCBuildConfiguration;
			buildSettings = {
				CODE_SIGN_STYLE = Automatic;
				DEVELOPMENT_TEAM = H2575G2E58;
				PRODUCT_NAME = "$(TARGET_NAME)";
			};
			name = Debug;
		};
		53D200581FA13AE400D2A5D8 /* Release */ = {
			isa = XCBuildConfiguration;
			buildSettings = {
				CODE_SIGN_STYLE = Automatic;
				DEVELOPMENT_TEAM = H2575G2E58;
				PRODUCT_NAME = "$(TARGET_NAME)";
			};
			name = Release;
		};
/* End XCBuildConfiguration section */

/* Begin XCConfigurationList section */
		53D2004A1FA13AE400D2A5D8 /* Build configuration list for PBXProject "Program6" */ = {
			isa = XCConfigurationList;
			buildConfigurations = (
				53D200541FA13AE400D2A5D8 /* Debug */,
				53D200551FA13AE400D2A5D8 /* Release */,
			);
			defaultConfigurationIsVisible = 0;
			defaultConfigurationName = Release;
		};
		53D200561FA13AE400D2A5D8 /* Build configuration list for PBXNativeTarget "Program6" */ = {
			isa = XCConfigurationList;
			buildConfigurations = (
				53D200571FA13AE400D2A5D8 /* Debug */,
				53D200581FA13AE400D2A5D8 /* Release */,
			);
			defaultConfigurationIsVisible = 0;
			defaultConfigurationName = Release;
		};
/* End XCConfigurationList section */
	};
	rootObject = 53D200471FA13AE400D2A5D8 /* Project object */;
}
