// !$*UTF8*$!
{
	archiveVersion = 1;
	classes = {
	};
	objectVersion = 48;
	objects = {

/* Begin PBXBuildFile section */
		53269A361FB37CFD008030C6 /* BankAccount.cpp in Sources */ = {isa = PBXBuildFile; fileRef = 53269A341FB37CFD008030C6 /* BankAccount.cpp */; };
		53269A391FB37D19008030C6 /* SavingsAccount.cpp in Sources */ = {isa = PBXBuildFile; fileRef = 53269A371FB37D19008030C6 /* SavingsAccount.cpp */; };
		537AE10E1FB224A8001B0803 /* main.cpp in Sources */ = {isa = PBXBuildFile; fileRef = 537AE10D1FB224A8001B0803 /* main.cpp */; };
/* End PBXBuildFile section */

/* Begin PBXContainerItemProxy section */
		53269A3E1FB37E1C008030C6 /* PBXContainerItemProxy */ = {
			isa = PBXContainerItemProxy;
			containerPortal = 53269A3A1FB37E1C008030C6 /* Program6.xcodeproj */;
			proxyType = 2;
			remoteGlobalIDString = 53D2004F1FA13AE400D2A5D8;
			remoteInfo = Program6;
		};
/* End PBXContainerItemProxy section */

/* Begin PBXCopyFilesBuildPhase section */
		537AE1081FB224A8001B0803 /* CopyFiles */ = {
			isa = PBXCopyFilesBuildPhase;
			buildActionMask = 2147483647;
			dstPath = /usr/share/man/man1/;
			dstSubfolderSpec = 0;
			files = (
			);
			runOnlyForDeploymentPostprocessing = 1;
		};
/* End PBXCopyFilesBuildPhase section */

/* Begin PBXFileReference section */
		53269A341FB37CFD008030C6 /* BankAccount.cpp */ = {isa = PBXFileReference; lastKnownFileType = sourcecode.cpp.cpp; path = BankAccount.cpp; sourceTree = "<group>"; };
		53269A351FB37CFD008030C6 /* BankAccount.hpp */ = {isa = PBXFileReference; lastKnownFileType = sourcecode.cpp.h; path = BankAccount.hpp; sourceTree = "<group>"; };
		53269A371FB37D19008030C6 /* SavingsAccount.cpp */ = {isa = PBXFileReference; lastKnownFileType = sourcecode.cpp.cpp; path = SavingsAccount.cpp; sourceTree = "<group>"; };
		53269A381FB37D19008030C6 /* SavingsAccount.hpp */ = {isa = PBXFileReference; lastKnownFileType = sourcecode.cpp.h; path = SavingsAccount.hpp; sourceTree = "<group>"; };
		53269A3A1FB37E1C008030C6 /* Program6.xcodeproj */ = {isa = PBXFileReference; lastKnownFileType = "wrapper.pb-project"; name = Program6.xcodeproj; path = ../../Program6/Program6.xcodeproj; sourceTree = "<group>"; };
		537AE10A1FB224A8001B0803 /* Assignment7 */ = {isa = PBXFileReference; explicitFileType = "compiled.mach-o.executable"; includeInIndex = 0; path = Assignment7; sourceTree = BUILT_PRODUCTS_DIR; };
		537AE10D1FB224A8001B0803 /* main.cpp */ = {isa = PBXFileReference; lastKnownFileType = sourcecode.cpp.cpp; path = main.cpp; sourceTree = "<group>"; };
/* End PBXFileReference section */

/* Begin PBXFrameworksBuildPhase section */
		537AE1071FB224A8001B0803 /* Frameworks */ = {
			isa = PBXFrameworksBuildPhase;
			buildActionMask = 2147483647;
			files = (
			);
			runOnlyForDeploymentPostprocessing = 0;
		};
/* End PBXFrameworksBuildPhase section */

/* Begin PBXGroup section */
		53269A3B1FB37E1C008030C6 /* Products */ = {
			isa = PBXGroup;
			children = (
				53269A3F1FB37E1C008030C6 /* Program6 */,
			);
			name = Products;
			sourceTree = "<group>";
		};
		537AE1011FB224A8001B0803 = {
			isa = PBXGroup;
			children = (
				53269A3A1FB37E1C008030C6 /* Program6.xcodeproj */,
				537AE10C1FB224A8001B0803 /* Assignment7 */,
				537AE10B1FB224A8001B0803 /* Products */,
			);
			sourceTree = "<group>";
		};
		537AE10B1FB224A8001B0803 /* Products */ = {
			isa = PBXGroup;
			children = (
				537AE10A1FB224A8001B0803 /* Assignment7 */,
			);
			name = Products;
			sourceTree = "<group>";
		};
		537AE10C1FB224A8001B0803 /* Assignment7 */ = {
			isa = PBXGroup;
			children = (
				537AE10D1FB224A8001B0803 /* main.cpp */,
				53269A341FB37CFD008030C6 /* BankAccount.cpp */,
				53269A351FB37CFD008030C6 /* BankAccount.hpp */,
				53269A371FB37D19008030C6 /* SavingsAccount.cpp */,
				53269A381FB37D19008030C6 /* SavingsAccount.hpp */,
			);
			path = Assignment7;
			sourceTree = "<group>";
		};
/* End PBXGroup section */

/* Begin PBXNativeTarget section */
		537AE1091FB224A8001B0803 /* Assignment7 */ = {
			isa = PBXNativeTarget;
			buildConfigurationList = 537AE1111FB224A8001B0803 /* Build configuration list for PBXNativeTarget "Assignment7" */;
			buildPhases = (
				537AE1061FB224A8001B0803 /* Sources */,
				537AE1071FB224A8001B0803 /* Frameworks */,
				537AE1081FB224A8001B0803 /* CopyFiles */,
			);
			buildRules = (
			);
			dependencies = (
			);
			name = Assignment7;
			productName = Assignment7;
			productReference = 537AE10A1FB224A8001B0803 /* Assignment7 */;
			productType = "com.apple.product-type.tool";
		};
/* End PBXNativeTarget section */

/* Begin PBXProject section */
		537AE1021FB224A8001B0803 /* Project object */ = {
			isa = PBXProject;
			attributes = {
				LastUpgradeCheck = 0900;
				ORGANIZATIONNAME = "zane saul";
				TargetAttributes = {
					537AE1091FB224A8001B0803 = {
						CreatedOnToolsVersion = 9.0.1;
						ProvisioningStyle = Automatic;
					};
				};
			};
			buildConfigurationList = 537AE1051FB224A8001B0803 /* Build configuration list for PBXProject "Assignment7" */;
			compatibilityVersion = "Xcode 8.0";
			developmentRegion = en;
			hasScannedForEncodings = 0;
			knownRegions = (
				en,
			);
			mainGroup = 537AE1011FB224A8001B0803;
			productRefGroup = 537AE10B1FB224A8001B0803 /* Products */;
			projectDirPath = "";
			projectReferences = (
				{
					ProductGroup = 53269A3B1FB37E1C008030C6 /* Products */;
					ProjectRef = 53269A3A1FB37E1C008030C6 /* Program6.xcodeproj */;
				},
			);
			projectRoot = "";
			targets = (
				537AE1091FB224A8001B0803 /* Assignment7 */,
			);
		};
/* End PBXProject section */

/* Begin PBXReferenceProxy section */
		53269A3F1FB37E1C008030C6 /* Program6 */ = {
			isa = PBXReferenceProxy;
			fileType = "compiled.mach-o.executable";
			path = Program6;
			remoteRef = 53269A3E1FB37E1C008030C6 /* PBXContainerItemProxy */;
			sourceTree = BUILT_PRODUCTS_DIR;
		};
/* End PBXReferenceProxy section */

/* Begin PBXSourcesBuildPhase section */
		537AE1061FB224A8001B0803 /* Sources */ = {
			isa = PBXSourcesBuildPhase;
			buildActionMask = 2147483647;
			files = (
				537AE10E1FB224A8001B0803 /* main.cpp in Sources */,
				53269A361FB37CFD008030C6 /* BankAccount.cpp in Sources */,
				53269A391FB37D19008030C6 /* SavingsAccount.cpp in Sources */,
			);
			runOnlyForDeploymentPostprocessing = 0;
		};
/* End PBXSourcesBuildPhase section */

/* Begin XCBuildConfiguration section */
		537AE10F1FB224A8001B0803 /* Debug */ = {
			isa = XCBuildConfiguration;
			buildSettings = {
				ALWAYS_SEARCH_USER_PATHS = NO;
				CLANG_ANALYZER_NONNULL = YES;
				CLANG_ANALYZER_NUMBER_OBJECT_CONVERSION = YES_AGGRESSIVE;
				CLANG_CXX_LANGUAGE_STANDARD = "gnu++14";
				CLANG_CXX_LIBRARY = "libc++";
				CLANG_ENABLE_MODULES = YES;
				CLANG_ENABLE_OBJC_ARC = YES;
				CLANG_WARN_BLOCK_CAPTURE_AUTORELEASING = YES;
				CLANG_WARN_BOOL_CONVERSION = YES;
				CLANG_WARN_COMMA = YES;
				CLANG_WARN_CONSTANT_CONVERSION = YES;
				CLANG_WARN_DIRECT_OBJC_ISA_USAGE = YES_ERROR;
				CLANG_WARN_DOCUMENTATION_COMMENTS = YES;
				CLANG_WARN_EMPTY_BODY = YES;
				CLANG_WARN_ENUM_CONVERSION = YES;
				CLANG_WARN_INFINITE_RECURSION = YES;
				CLANG_WARN_INT_CONVERSION = YES;
				CLANG_WARN_NON_LITERAL_NULL_CONVERSION = YES;
				CLANG_WARN_OBJC_LITERAL_CONVERSION = YES;
				CLANG_WARN_OBJC_ROOT_CLASS = YES_ERROR;
				CLANG_WARN_RANGE_LOOP_ANALYSIS = YES;
				CLANG_WARN_STRICT_PROTOTYPES = YES;
				CLANG_WARN_SUSPICIOUS_MOVE = YES;
				CLANG_WARN_UNGUARDED_AVAILABILITY = YES_AGGRESSIVE;
				CLANG_WARN_UNREACHABLE_CODE = YES;
				CLANG_WARN__DUPLICATE_METHOD_MATCH = YES;
				CODE_SIGN_IDENTITY = "Mac Developer";
				COPY_PHASE_STRIP = NO;
				DEBUG_INFORMATION_FORMAT = dwarf;
				ENABLE_STRICT_OBJC_MSGSEND = YES;
				ENABLE_TESTABILITY = YES;
				GCC_C_LANGUAGE_STANDARD = gnu11;
				GCC_DYNAMIC_NO_PIC = NO;
				GCC_NO_COMMON_BLOCKS = YES;
				GCC_OPTIMIZATION_LEVEL = 0;
				GCC_PREPROCESSOR_DEFINITIONS = (
					"DEBUG=1",
					"$(inherited)",
				);
				GCC_WARN_64_TO_32_BIT_CONVERSION = YES;
				GCC_WARN_ABOUT_RETURN_TYPE = YES_ERROR;
				GCC_WARN_UNDECLARED_SELECTOR = YES;
				GCC_WARN_UNINITIALIZED_AUTOS = YES_AGGRESSIVE;
				GCC_WARN_UNUSED_FUNCTION = YES;
				GCC_WARN_UNUSED_VARIABLE = YES;
				MACOSX_DEPLOYMENT_TARGET = 10.13;
				MTL_ENABLE_DEBUG_INFO = YES;
				ONLY_ACTIVE_ARCH = YES;
				SDKROOT = macosx;
			};
			name = Debug;
		};
		537AE1101FB224A8001B0803 /* Release */ = {
			isa = XCBuildConfiguration;
			buildSettings = {
				ALWAYS_SEARCH_USER_PATHS = NO;
				CLANG_ANALYZER_NONNULL = YES;
				CLANG_ANALYZER_NUMBER_OBJECT_CONVERSION = YES_AGGRESSIVE;
				CLANG_CXX_LANGUAGE_STANDARD = "gnu++14";
				CLANG_CXX_LIBRARY = "libc++";
				CLANG_ENABLE_MODULES = YES;
				CLANG_ENABLE_OBJC_ARC = YES;
				CLANG_WARN_BLOCK_CAPTURE_AUTORELEASING = YES;
				CLANG_WARN_BOOL_CONVERSION = YES;
				CLANG_WARN_COMMA = YES;
				CLANG_WARN_CONSTANT_CONVERSION = YES;
				CLANG_WARN_DIRECT_OBJC_ISA_USAGE = YES_ERROR;
				CLANG_WARN_DOCUMENTATION_COMMENTS = YES;
				CLANG_WARN_EMPTY_BODY = YES;
				CLANG_WARN_ENUM_CONVERSION = YES;
				CLANG_WARN_INFINITE_RECURSION = YES;
				CLANG_WARN_INT_CONVERSION = YES;
				CLANG_WARN_NON_LITERAL_NULL_CONVERSION = YES;
				CLANG_WARN_OBJC_LITERAL_CONVERSION = YES;
				CLANG_WARN_OBJC_ROOT_CLASS = YES_ERROR;
				CLANG_WARN_RANGE_LOOP_ANALYSIS = YES;
				CLANG_WARN_STRICT_PROTOTYPES = YES;
				CLANG_WARN_SUSPICIOUS_MOVE = YES;
				CLANG_WARN_UNGUARDED_AVAILABILITY = YES_AGGRESSIVE;
				CLANG_WARN_UNREACHABLE_CODE = YES;
				CLANG_WARN__DUPLICATE_METHOD_MATCH = YES;
				CODE_SIGN_IDENTITY = "Mac Developer";
				COPY_PHASE_STRIP = NO;
				DEBUG_INFORMATION_FORMAT = "dwarf-with-dsym";
				ENABLE_NS_ASSERTIONS = NO;
				ENABLE_STRICT_OBJC_MSGSEND = YES;
				GCC_C_LANGUAGE_STANDARD = gnu11;
				GCC_NO_COMMON_BLOCKS = YES;
				GCC_WARN_64_TO_32_BIT_CONVERSION = YES;
				GCC_WARN_ABOUT_RETURN_TYPE = YES_ERROR;
				GCC_WARN_UNDECLARED_SELECTOR = YES;
				GCC_WARN_UNINITIALIZED_AUTOS = YES_AGGRESSIVE;
				GCC_WARN_UNUSED_FUNCTION = YES;
				GCC_WARN_UNUSED_VARIABLE = YES;
				MACOSX_DEPLOYMENT_TARGET = 10.13;
				MTL_ENABLE_DEBUG_INFO = NO;
				SDKROOT = macosx;
			};
			name = Release;
		};
		537AE1121FB224A8001B0803 /* Debug */ = {
			isa = XCBuildConfiguration;
			buildSettings = {
				CODE_SIGN_STYLE = Automatic;
				DEVELOPMENT_TEAM = H2575G2E58;
				PRODUCT_NAME = "$(TARGET_NAME)";
			};
			name = Debug;
		};
		537AE1131FB224A8001B0803 /* Release */ = {
			isa = XCBuildConfiguration;
			buildSettings = {
				CODE_SIGN_STYLE = Automatic;
				DEVELOPMENT_TEAM = H2575G2E58;
				PRODUCT_NAME = "$(TARGET_NAME)";
			};
			name = Release;
		};
/* End XCBuildConfiguration section */

/* Begin XCConfigurationList section */
		537AE1051FB224A8001B0803 /* Build configuration list for PBXProject "Assignment7" */ = {
			isa = XCConfigurationList;
			buildConfigurations = (
				537AE10F1FB224A8001B0803 /* Debug */,
				537AE1101FB224A8001B0803 /* Release */,
			);
			defaultConfigurationIsVisible = 0;
			defaultConfigurationName = Release;
		};
		537AE1111FB224A8001B0803 /* Build configuration list for PBXNativeTarget "Assignment7" */ = {
			isa = XCConfigurationList;
			buildConfigurations = (
				537AE1121FB224A8001B0803 /* Debug */,
				537AE1131FB224A8001B0803 /* Release */,
			);
			defaultConfigurationIsVisible = 0;
			defaultConfigurationName = Release;
		};
/* End XCConfigurationList section */
	};
	rootObject = 537AE1021FB224A8001B0803 /* Project object */;
}
